
Microsoft Visual Studio Solution File, Format Version 12.00
# Visual Studio Version 17
VisualStudioVersion = 17.4.33213.308
MinimumVisualStudioVersion = 10.0.40219.1
Project("{9A19103F-16F7-4668-BE54-9A1E7A4F7556}") = "OOP", "OOP\OOP.csproj", "{A11F385D-FF78-4D83-A74F-C629F60A0EF4}"
EndProject
Project("{9A19103F-16F7-4668-BE54-9A1E7A4F7556}") = "Opdracht_9", "Opdracht_9\Opdracht_9.csproj", "{0064C457-4A2B-4E9E-9838-36554FC80910}"
EndProject
Project("{9A19103F-16F7-4668-BE54-9A1E7A4F7556}") = "Opdracht_10", "Opdracht_10\Opdracht_10.csproj", "{4080C966-1360-4A2A-95FD-D77DC33739EA}"
EndProject
Global
	GlobalSection(SolutionConfigurationPlatforms) = preSolution
		Debug|Any CPU = Debug|Any CPU
		Release|Any CPU = Release|Any CPU
	EndGlobalSection
	GlobalSection(ProjectConfigurationPlatforms) = postSolution
		{A11F385D-FF78-4D83-A74F-C629F60A0EF4}.Debug|Any CPU.ActiveCfg = Debug|Any CPU
		{A11F385D-FF78-4D83-A74F-C629F60A0EF4}.Debug|Any CPU.Build.0 = Debug|Any CPU
		{A11F385D-FF78-4D83-A74F-C629F60A0EF4}.Release|Any CPU.ActiveCfg = Release|Any CPU
		{A11F385D-FF78-4D83-A74F-C629F60A0EF4}.Release|Any CPU.Build.0 = Release|Any CPU
		{0064C457-4A2B-4E9E-9838-36554FC80910}.Debug|Any CPU.ActiveCfg = Debug|Any CPU
		{0064C457-4A2B-4E9E-9838-36554FC80910}.Debug|Any CPU.Build.0 = Debug|Any CPU
		{0064C457-4A2B-4E9E-9838-36554FC80910}.Release|Any CPU.ActiveCfg = Release|Any CPU
		{0064C457-4A2B-4E9E-9838-36554FC80910}.Release|Any CPU.Build.0 = Release|Any CPU
		{4080C966-1360-4A2A-95FD-D77DC33739EA}.Debug|Any CPU.ActiveCfg = Debug|Any CPU
		{4080C966-1360-4A2A-95FD-D77DC33739EA}.Debug|Any CPU.Build.0 = Debug|Any CPU
		{4080C966-1360-4A2A-95FD-D77DC33739EA}.Release|Any CPU.ActiveCfg = Release|Any CPU
		{4080C966-1360-4A2A-95FD-D77DC33739EA}.Release|Any CPU.Build.0 = Release|Any CPU
	EndGlobalSection
	GlobalSection(SolutionProperties) = preSolution
		HideSolutionNode = FALSE
	EndGlobalSection
	GlobalSection(ExtensibilityGlobals) = postSolution
		SolutionGuid = {EDEB48F3-0BD6-40E2-A9CA-FDE7E82F78FA}
	EndGlobalSection
EndGlobal
